
Microsoft Visual Studio Solution File, Format Version 12.00
# Visual Studio Version 16
VisualStudioVersion = 16.0.809.0
MinimumVisualStudioVersion = 10.0.40219.1
Project("{2150E333-8FDC-42A3-9474-1A3956D46DE8}") = "src", "src", "{EE49FA6D-CB02-49AD-AD23-0DBC06029CD5}"
EndProject
Project("{2150E333-8FDC-42A3-9474-1A3956D46DE8}") = "Catalog", "Catalog", "{6A877147-18C9-4CAC-8621-5AF68FF487B6}"
EndProject
Project("{9A19103F-16F7-4668-BE54-9A1E7A4F7556}") = "Catalog.API", "src\Catalog\Catalog.API\Catalog.API.csproj", "{B771E886-0B78-4CED-B2A4-544B436A272C}"
EndProject
Project("{E53339B2-1760-4266-BCC7-CA923CBCF16C}") = "docker-compose", "docker-compose.dcproj", "{DFD1FBF3-9F31-4FF6-86E5-25A5597CE6C9}"
EndProject
Project("{2150E333-8FDC-42A3-9474-1A3956D46DE8}") = "Basket", "Basket", "{16786775-4FF7-4E09-964F-F0C7283F4EB3}"
EndProject
Project("{2150E333-8FDC-42A3-9474-1A3956D46DE8}") = "Solution Items", "Solution Items", "{3852F2C4-1D98-411E-8839-BC00BA9FAD9D}"
	ProjectSection(SolutionItems) = preProject
		.editorconfig = .editorconfig
	EndProjectSection
EndProject
Project("{9A19103F-16F7-4668-BE54-9A1E7A4F7556}") = "Basket.API", "src\Basket\Basket.API\Basket.API.csproj", "{C34D4346-D8E7-49B2-AEE1-E87237C31F7E}"
EndProject
Project("{2150E333-8FDC-42A3-9474-1A3956D46DE8}") = "Common", "Common", "{6FFDB1E4-9A16-4B01-9A8F-6F13C9265CCD}"
EndProject
Project("{9A19103F-16F7-4668-BE54-9A1E7A4F7556}") = "EventBusRabbitMQ", "src\Common\EventBusRabbitMQ\EventBusRabbitMQ.csproj", "{ECB5235C-CD50-4C63-BA74-E5C0A7B0811D}"
EndProject
Project("{2150E333-8FDC-42A3-9474-1A3956D46DE8}") = "Ordering", "Ordering", "{CA53A607-F23B-45C6-BB99-6D54DFEC8C14}"
EndProject
Project("{9A19103F-16F7-4668-BE54-9A1E7A4F7556}") = "Ordering.API", "src\Ordering\Ordering.API\Ordering.API.csproj", "{AF601F20-1A42-4DDA-8366-B1C8847B23F4}"
EndProject
Project("{FAE04EC0-301F-11D3-BF4B-00C04F79EFBC}") = "Ordering.Core", "src\Ordering\Ordering.Core\Ordering.Core.csproj", "{2F6C6D75-B399-4A69-8461-3791B4BD1973}"
EndProject
Project("{FAE04EC0-301F-11D3-BF4B-00C04F79EFBC}") = "Ordering.Infrastructure", "src\Ordering\Ordering.Infrastructure\Ordering.Infrastructure.csproj", "{4B5596CD-A4FC-4E6D-B13C-81059D307D6E}"
EndProject
Project("{FAE04EC0-301F-11D3-BF4B-00C04F79EFBC}") = "Ordering.Application", "src\Ordering\Ordering.Application\Ordering.Application.csproj", "{FC9DF899-E73A-45A6-9DD0-F794694E9D9E}"
EndProject
Global
	GlobalSection(SolutionConfigurationPlatforms) = preSolution
		Debug|Any CPU = Debug|Any CPU
		Release|Any CPU = Release|Any CPU
	EndGlobalSection
	GlobalSection(ProjectConfigurationPlatforms) = postSolution
		{B771E886-0B78-4CED-B2A4-544B436A272C}.Debug|Any CPU.ActiveCfg = Debug|Any CPU
		{B771E886-0B78-4CED-B2A4-544B436A272C}.Debug|Any CPU.Build.0 = Debug|Any CPU
		{B771E886-0B78-4CED-B2A4-544B436A272C}.Release|Any CPU.ActiveCfg = Release|Any CPU
		{B771E886-0B78-4CED-B2A4-544B436A272C}.Release|Any CPU.Build.0 = Release|Any CPU
		{DFD1FBF3-9F31-4FF6-86E5-25A5597CE6C9}.Debug|Any CPU.ActiveCfg = Debug|Any CPU
		{DFD1FBF3-9F31-4FF6-86E5-25A5597CE6C9}.Debug|Any CPU.Build.0 = Debug|Any CPU
		{DFD1FBF3-9F31-4FF6-86E5-25A5597CE6C9}.Release|Any CPU.ActiveCfg = Release|Any CPU
		{DFD1FBF3-9F31-4FF6-86E5-25A5597CE6C9}.Release|Any CPU.Build.0 = Release|Any CPU
		{C34D4346-D8E7-49B2-AEE1-E87237C31F7E}.Debug|Any CPU.ActiveCfg = Debug|Any CPU
		{C34D4346-D8E7-49B2-AEE1-E87237C31F7E}.Debug|Any CPU.Build.0 = Debug|Any CPU
		{C34D4346-D8E7-49B2-AEE1-E87237C31F7E}.Release|Any CPU.ActiveCfg = Release|Any CPU
		{C34D4346-D8E7-49B2-AEE1-E87237C31F7E}.Release|Any CPU.Build.0 = Release|Any CPU
		{ECB5235C-CD50-4C63-BA74-E5C0A7B0811D}.Debug|Any CPU.ActiveCfg = Debug|Any CPU
		{ECB5235C-CD50-4C63-BA74-E5C0A7B0811D}.Debug|Any CPU.Build.0 = Debug|Any CPU
		{ECB5235C-CD50-4C63-BA74-E5C0A7B0811D}.Release|Any CPU.ActiveCfg = Release|Any CPU
		{ECB5235C-CD50-4C63-BA74-E5C0A7B0811D}.Release|Any CPU.Build.0 = Release|Any CPU
		{AF601F20-1A42-4DDA-8366-B1C8847B23F4}.Debug|Any CPU.ActiveCfg = Debug|Any CPU
		{AF601F20-1A42-4DDA-8366-B1C8847B23F4}.Debug|Any CPU.Build.0 = Debug|Any CPU
		{AF601F20-1A42-4DDA-8366-B1C8847B23F4}.Release|Any CPU.ActiveCfg = Release|Any CPU
		{AF601F20-1A42-4DDA-8366-B1C8847B23F4}.Release|Any CPU.Build.0 = Release|Any CPU
		{2F6C6D75-B399-4A69-8461-3791B4BD1973}.Debug|Any CPU.ActiveCfg = Debug|Any CPU
		{2F6C6D75-B399-4A69-8461-3791B4BD1973}.Debug|Any CPU.Build.0 = Debug|Any CPU
		{2F6C6D75-B399-4A69-8461-3791B4BD1973}.Release|Any CPU.ActiveCfg = Release|Any CPU
		{2F6C6D75-B399-4A69-8461-3791B4BD1973}.Release|Any CPU.Build.0 = Release|Any CPU
		{4B5596CD-A4FC-4E6D-B13C-81059D307D6E}.Debug|Any CPU.ActiveCfg = Debug|Any CPU
		{4B5596CD-A4FC-4E6D-B13C-81059D307D6E}.Debug|Any CPU.Build.0 = Debug|Any CPU
		{4B5596CD-A4FC-4E6D-B13C-81059D307D6E}.Release|Any CPU.ActiveCfg = Release|Any CPU
		{4B5596CD-A4FC-4E6D-B13C-81059D307D6E}.Release|Any CPU.Build.0 = Release|Any CPU
		{FC9DF899-E73A-45A6-9DD0-F794694E9D9E}.Debug|Any CPU.ActiveCfg = Debug|Any CPU
		{FC9DF899-E73A-45A6-9DD0-F794694E9D9E}.Debug|Any CPU.Build.0 = Debug|Any CPU
		{FC9DF899-E73A-45A6-9DD0-F794694E9D9E}.Release|Any CPU.ActiveCfg = Release|Any CPU
		{FC9DF899-E73A-45A6-9DD0-F794694E9D9E}.Release|Any CPU.Build.0 = Release|Any CPU
	EndGlobalSection
	GlobalSection(SolutionProperties) = preSolution
		HideSolutionNode = FALSE
	EndGlobalSection
	GlobalSection(NestedProjects) = preSolution
		{6A877147-18C9-4CAC-8621-5AF68FF487B6} = {EE49FA6D-CB02-49AD-AD23-0DBC06029CD5}
		{B771E886-0B78-4CED-B2A4-544B436A272C} = {6A877147-18C9-4CAC-8621-5AF68FF487B6}
		{16786775-4FF7-4E09-964F-F0C7283F4EB3} = {EE49FA6D-CB02-49AD-AD23-0DBC06029CD5}
		{C34D4346-D8E7-49B2-AEE1-E87237C31F7E} = {16786775-4FF7-4E09-964F-F0C7283F4EB3}
		{6FFDB1E4-9A16-4B01-9A8F-6F13C9265CCD} = {EE49FA6D-CB02-49AD-AD23-0DBC06029CD5}
		{ECB5235C-CD50-4C63-BA74-E5C0A7B0811D} = {6FFDB1E4-9A16-4B01-9A8F-6F13C9265CCD}
		{CA53A607-F23B-45C6-BB99-6D54DFEC8C14} = {EE49FA6D-CB02-49AD-AD23-0DBC06029CD5}
		{AF601F20-1A42-4DDA-8366-B1C8847B23F4} = {CA53A607-F23B-45C6-BB99-6D54DFEC8C14}
		{2F6C6D75-B399-4A69-8461-3791B4BD1973} = {CA53A607-F23B-45C6-BB99-6D54DFEC8C14}
		{4B5596CD-A4FC-4E6D-B13C-81059D307D6E} = {CA53A607-F23B-45C6-BB99-6D54DFEC8C14}
		{FC9DF899-E73A-45A6-9DD0-F794694E9D9E} = {CA53A607-F23B-45C6-BB99-6D54DFEC8C14}
	EndGlobalSection
	GlobalSection(ExtensibilityGlobals) = postSolution
		SolutionGuid = {2F85C5D1-E1C4-4E10-9B98-047372F01679}
	EndGlobalSection
EndGlobal
